// !$*UTF8*$!
{
	archiveVersion = 1;
	classes = {
	};
	objectVersion = 56;
	objects = {

/* Begin PBXBuildFile section */
		BE8500B42D14975500744A13 /* FetchData.swift in Sources */ = {isa = PBXBuildFile; fileRef = BE8500B32D14975500744A13 /* FetchData.swift */; };
		BE8500B62D14975F00744A13 /* WebView.swift in Sources */ = {isa = PBXBuildFile; fileRef = BE8500B52D14975F00744A13 /* WebView.swift */; };
		BE8500B82D14976700744A13 /* RecipeListView.swift in Sources */ = {isa = PBXBuildFile; fileRef = BE8500B72D14976700744A13 /* RecipeListView.swift */; };
		BE8500BA2D14978400744A13 /* WebViewContainer.swift in Sources */ = {isa = PBXBuildFile; fileRef = BE8500B92D14978400744A13 /* WebViewContainer.swift */; };
		BEAC00652D120CE200A90547 /* Recipes_APIApp.swift in Sources */ = {isa = PBXBuildFile; fileRef = BEAC00642D120CE200A90547 /* Recipes_APIApp.swift */; };
		BEAC00672D120CE200A90547 /* ContentView.swift in Sources */ = {isa = PBXBuildFile; fileRef = BEAC00662D120CE200A90547 /* ContentView.swift */; };
		BEAC00692D120CE400A90547 /* Assets.xcassets in Resources */ = {isa = PBXBuildFile; fileRef = BEAC00682D120CE400A90547 /* Assets.xcassets */; };
		BEAC006C2D120CE400A90547 /* Preview Assets.xcassets in Resources */ = {isa = PBXBuildFile; fileRef = BEAC006B2D120CE400A90547 /* Preview Assets.xcassets */; };
		BEB04A552D2727C1007D669A /* RecipeView.swift in Sources */ = {isa = PBXBuildFile; fileRef = BEB04A542D2727C1007D669A /* RecipeView.swift */; };
/* End PBXBuildFile section */

/* Begin PBXFileReference section */
		BE8500B32D14975500744A13 /* FetchData.swift */ = {isa = PBXFileReference; lastKnownFileType = sourcecode.swift; path = FetchData.swift; sourceTree = "<group>"; };
		BE8500B52D14975F00744A13 /* WebView.swift */ = {isa = PBXFileReference; lastKnownFileType = sourcecode.swift; path = WebView.swift; sourceTree = "<group>"; };
		BE8500B72D14976700744A13 /* RecipeListView.swift */ = {isa = PBXFileReference; lastKnownFileType = sourcecode.swift; path = RecipeListView.swift; sourceTree = "<group>"; };
		BE8500B92D14978400744A13 /* WebViewContainer.swift */ = {isa = PBXFileReference; lastKnownFileType = sourcecode.swift; path = WebViewContainer.swift; sourceTree = "<group>"; };
		BEAC00612D120CE200A90547 /* Recipes API.app */ = {isa = PBXFileReference; explicitFileType = wrapper.application; includeInIndex = 0; path = "Recipes API.app"; sourceTree = BUILT_PRODUCTS_DIR; };
		BEAC00642D120CE200A90547 /* Recipes_APIApp.swift */ = {isa = PBXFileReference; lastKnownFileType = sourcecode.swift; path = Recipes_APIApp.swift; sourceTree = "<group>"; };
		BEAC00662D120CE200A90547 /* ContentView.swift */ = {isa = PBXFileReference; lastKnownFileType = sourcecode.swift; path = ContentView.swift; sourceTree = "<group>"; };
		BEAC00682D120CE400A90547 /* Assets.xcassets */ = {isa = PBXFileReference; lastKnownFileType = folder.assetcatalog; path = Assets.xcassets; sourceTree = "<group>"; };
		BEAC006B2D120CE400A90547 /* Preview Assets.xcassets */ = {isa = PBXFileReference; lastKnownFileType = folder.assetcatalog; path = "Preview Assets.xcassets"; sourceTree = "<group>"; };
		BEB04A542D2727C1007D669A /* RecipeView.swift */ = {isa = PBXFileReference; fileEncoding = 4; lastKnownFileType = sourcecode.swift; name = RecipeView.swift; path = Views/RecipeView.swift; sourceTree = "<group>"; };
/* End PBXFileReference section */

/* Begin PBXFrameworksBuildPhase section */
		BEAC005E2D120CE200A90547 /* Frameworks */ = {
			isa = PBXFrameworksBuildPhase;
			buildActionMask = 2147483647;
			files = (
			);
			runOnlyForDeploymentPostprocessing = 0;
		};
/* End PBXFrameworksBuildPhase section */

/* Begin PBXGroup section */
		BE8500B02D14973900744A13 /* Views */ = {
			isa = PBXGroup;
			children = (
				BEAC00662D120CE200A90547 /* ContentView.swift */,
				BE8500B52D14975F00744A13 /* WebView.swift */,
				BE8500B92D14978400744A13 /* WebViewContainer.swift */,
				BE8500B72D14976700744A13 /* RecipeListView.swift */,
			);
			path = Views;
			sourceTree = "<group>";
		};
		BE8500B22D14974A00744A13 /* Model */ = {
			isa = PBXGroup;
			children = (
				BE8500B32D14975500744A13 /* FetchData.swift */,
			);
			path = Model;
			sourceTree = "<group>";
		};
		BEAC00582D120CE200A90547 = {
			isa = PBXGroup;
			children = (
				BEAC00632D120CE200A90547 /* Recipes API */,
				BEAC00622D120CE200A90547 /* Products */,
			);
			sourceTree = "<group>";
		};
		BEAC00622D120CE200A90547 /* Products */ = {
			isa = PBXGroup;
			children = (
				BEAC00612D120CE200A90547 /* Recipes API.app */,
			);
			name = Products;
			sourceTree = "<group>";
		};
		BEAC00632D120CE200A90547 /* Recipes API */ = {
			isa = PBXGroup;
			children = (
				BEB04A542D2727C1007D669A /* RecipeView.swift */,
				BE8500B22D14974A00744A13 /* Model */,
				BE8500B02D14973900744A13 /* Views */,
				BEAC00642D120CE200A90547 /* Recipes_APIApp.swift */,
				BEAC00682D120CE400A90547 /* Assets.xcassets */,
				BEAC006A2D120CE400A90547 /* Preview Content */,
			);
			path = "Recipes API";
			sourceTree = "<group>";
		};
		BEAC006A2D120CE400A90547 /* Preview Content */ = {
			isa = PBXGroup;
			children = (
				BEAC006B2D120CE400A90547 /* Preview Assets.xcassets */,
			);
			path = "Preview Content";
			sourceTree = "<group>";
		};
/* End PBXGroup section */

/* Begin PBXNativeTarget section */
		BEAC00602D120CE200A90547 /* Recipes API */ = {
			isa = PBXNativeTarget;
			buildConfigurationList = BEAC006F2D120CE400A90547 /* Build configuration list for PBXNativeTarget "Recipes API" */;
			buildPhases = (
				BEAC005D2D120CE200A90547 /* Sources */,
				BEAC005E2D120CE200A90547 /* Frameworks */,
				BEAC005F2D120CE200A90547 /* Resources */,
			);
			buildRules = (
			);
			dependencies = (
			);
			name = "Recipes API";
			productName = "Recipes API";
			productReference = BEAC00612D120CE200A90547 /* Recipes API.app */;
			productType = "com.apple.product-type.application";
		};
/* End PBXNativeTarget section */

/* Begin PBXProject section */
		BEAC00592D120CE200A90547 /* Project object */ = {
			isa = PBXProject;
			attributes = {
				BuildIndependentTargetsInParallel = 1;
				LastSwiftUpdateCheck = 1540;
				LastUpgradeCheck = 1540;
				TargetAttributes = {
					BEAC00602D120CE200A90547 = {
						CreatedOnToolsVersion = 15.4;
					};
				};
			};
			buildConfigurationList = BEAC005C2D120CE200A90547 /* Build configuration list for PBXProject "Recipes API" */;
			compatibilityVersion = "Xcode 14.0";
			developmentRegion = en;
			hasScannedForEncodings = 0;
			knownRegions = (
				en,
				Base,
			);
			mainGroup = BEAC00582D120CE200A90547;
			productRefGroup = BEAC00622D120CE200A90547 /* Products */;
			projectDirPath = "";
			projectRoot = "";
			targets = (
				BEAC00602D120CE200A90547 /* Recipes API */,
			);
		};
/* End PBXProject section */

/* Begin PBXResourcesBuildPhase section */
		BEAC005F2D120CE200A90547 /* Resources */ = {
			isa = PBXResourcesBuildPhase;
			buildActionMask = 2147483647;
			files = (
				BEAC006C2D120CE400A90547 /* Preview Assets.xcassets in Resources */,
				BEAC00692D120CE400A90547 /* Assets.xcassets in Resources */,
			);
			runOnlyForDeploymentPostprocessing = 0;
		};
/* End PBXResourcesBuildPhase section */

/* Begin PBXSourcesBuildPhase section */
		BEAC005D2D120CE200A90547 /* Sources */ = {
			isa = PBXSourcesBuildPhase;
			buildActionMask = 2147483647;
			files = (
				BEAC00672D120CE200A90547 /* ContentView.swift in Sources */,
				BE8500BA2D14978400744A13 /* WebViewContainer.swift in Sources */,
				BE8500B62D14975F00744A13 /* WebView.swift in Sources */,
				BEB04A552D2727C1007D669A /* RecipeView.swift in Sources */,
				BE8500B82D14976700744A13 /* RecipeListView.swift in Sources */,
				BE8500B42D14975500744A13 /* FetchData.swift in Sources */,
				BEAC00652D120CE200A90547 /* Recipes_APIApp.swift in Sources */,
			);
			runOnlyForDeploymentPostprocessing = 0;
		};
/* End PBXSourcesBuildPhase section */

/* Begin XCBuildConfiguration section */
		BEAC006D2D120CE400A90547 /* Debug */ = {
			isa = XCBuildConfiguration;
			buildSettings = {
				ALWAYS_SEARCH_USER_PATHS = NO;
				ASSETCATALOG_COMPILER_GENERATE_SWIFT_ASSET_SYMBOL_EXTENSIONS = YES;
				CLANG_ANALYZER_NONNULL = YES;
				CLANG_ANALYZER_NUMBER_OBJECT_CONVERSION = YES_AGGRESSIVE;
				CLANG_CXX_LANGUAGE_STANDARD = "gnu++20";
				CLANG_ENABLE_MODULES = YES;
				CLANG_ENABLE_OBJC_ARC = YES;
				CLANG_ENABLE_OBJC_WEAK = YES;
				CLANG_WARN_BLOCK_CAPTURE_AUTORELEASING = YES;
				CLANG_WARN_BOOL_CONVERSION = YES;
				CLANG_WARN_COMMA = YES;
				CLANG_WARN_CONSTANT_CONVERSION = YES;
				CLANG_WARN_DEPRECATED_OBJC_IMPLEMENTATIONS = YES;
				CLANG_WARN_DIRECT_OBJC_ISA_USAGE = YES_ERROR;
				CLANG_WARN_DOCUMENTATION_COMMENTS = YES;
				CLANG_WARN_EMPTY_BODY = YES;
				CLANG_WARN_ENUM_CONVERSION = YES;
				CLANG_WARN_INFINITE_RECURSION = YES;
				CLANG_WARN_INT_CONVERSION = YES;
				CLANG_WARN_NON_LITERAL_NULL_CONVERSION = YES;
				CLANG_WARN_OBJC_IMPLICIT_RETAIN_SELF = YES;
				CLANG_WARN_OBJC_LITERAL_CONVERSION = YES;
				CLANG_WARN_OBJC_ROOT_CLASS = YES_ERROR;
				CLANG_WARN_QUOTED_INCLUDE_IN_FRAMEWORK_HEADER = YES;
				CLANG_WARN_RANGE_LOOP_ANALYSIS = YES;
				CLANG_WARN_STRICT_PROTOTYPES = YES;
				CLANG_WARN_SUSPICIOUS_MOVE = YES;
				CLANG_WARN_UNGUARDED_AVAILABILITY = YES_AGGRESSIVE;
				CLANG_WARN_UNREACHABLE_CODE = YES;
				CLANG_WARN__DUPLICATE_METHOD_MATCH = YES;
				COPY_PHASE_STRIP = NO;
				DEBUG_INFORMATION_FORMAT = dwarf;
				ENABLE_STRICT_OBJC_MSGSEND = YES;
				ENABLE_TESTABILITY = YES;
				ENABLE_USER_SCRIPT_SANDBOXING = YES;
				GCC_C_LANGUAGE_STANDARD = gnu17;
				GCC_DYNAMIC_NO_PIC = NO;
				GCC_NO_COMMON_BLOCKS = YES;
				GCC_OPTIMIZATION_LEVEL = 0;
				GCC_PREPROCESSOR_DEFINITIONS = (
					"DEBUG=1",
					"$(inherited)",
				);
				GCC_WARN_64_TO_32_BIT_CONVERSION = YES;
				GCC_WARN_ABOUT_RETURN_TYPE = YES_ERROR;
				GCC_WARN_UNDECLARED_SELECTOR = YES;
				GCC_WARN_UNINITIALIZED_AUTOS = YES_AGGRESSIVE;
				GCC_WARN_UNUSED_FUNCTION = YES;
				GCC_WARN_UNUSED_VARIABLE = YES;
				IPHONEOS_DEPLOYMENT_TARGET = 17.5;
				LOCALIZATION_PREFERS_STRING_CATALOGS = YES;
				MTL_ENABLE_DEBUG_INFO = INCLUDE_SOURCE;
				MTL_FAST_MATH = YES;
				ONLY_ACTIVE_ARCH = YES;
				SDKROOT = iphoneos;
				SWIFT_ACTIVE_COMPILATION_CONDITIONS = "DEBUG $(inherited)";
				SWIFT_OPTIMIZATION_LEVEL = "-Onone";
			};
			name = Debug;
		};
		BEAC006E2D120CE400A90547 /* Release */ = {
			isa = XCBuildConfiguration;
			buildSettings = {
				ALWAYS_SEARCH_USER_PATHS = NO;
				ASSETCATALOG_COMPILER_GENERATE_SWIFT_ASSET_SYMBOL_EXTENSIONS = YES;
				CLANG_ANALYZER_NONNULL = YES;
				CLANG_ANALYZER_NUMBER_OBJECT_CONVERSION = YES_AGGRESSIVE;
				CLANG_CXX_LANGUAGE_STANDARD = "gnu++20";
				CLANG_ENABLE_MODULES = YES;
				CLANG_ENABLE_OBJC_ARC = YES;
				CLANG_ENABLE_OBJC_WEAK = YES;
				CLANG_WARN_BLOCK_CAPTURE_AUTORELEASING = YES;
				CLANG_WARN_BOOL_CONVERSION = YES;
				CLANG_WARN_COMMA = YES;
				CLANG_WARN_CONSTANT_CONVERSION = YES;
				CLANG_WARN_DEPRECATED_OBJC_IMPLEMENTATIONS = YES;
				CLANG_WARN_DIRECT_OBJC_ISA_USAGE = YES_ERROR;
				CLANG_WARN_DOCUMENTATION_COMMENTS = YES;
				CLANG_WARN_EMPTY_BODY = YES;
				CLANG_WARN_ENUM_CONVERSION = YES;
				CLANG_WARN_INFINITE_RECURSION = YES;
				CLANG_WARN_INT_CONVERSION = YES;
				CLANG_WARN_NON_LITERAL_NULL_CONVERSION = YES;
				CLANG_WARN_OBJC_IMPLICIT_RETAIN_SELF = YES;
				CLANG_WARN_OBJC_LITERAL_CONVERSION = YES;
				CLANG_WARN_OBJC_ROOT_CLASS = YES_ERROR;
				CLANG_WARN_QUOTED_INCLUDE_IN_FRAMEWORK_HEADER = YES;
				CLANG_WARN_RANGE_LOOP_ANALYSIS = YES;
				CLANG_WARN_STRICT_PROTOTYPES = YES;
				CLANG_WARN_SUSPICIOUS_MOVE = YES;
				CLANG_WARN_UNGUARDED_AVAILABILITY = YES_AGGRESSIVE;
				CLANG_WARN_UNREACHABLE_CODE = YES;
				CLANG_WARN__DUPLICATE_METHOD_MATCH = YES;
				COPY_PHASE_STRIP = NO;
				DEBUG_INFORMATION_FORMAT = "dwarf-with-dsym";
				ENABLE_NS_ASSERTIONS = NO;
				ENABLE_STRICT_OBJC_MSGSEND = YES;
				ENABLE_USER_SCRIPT_SANDBOXING = YES;
				GCC_C_LANGUAGE_STANDARD = gnu17;
				GCC_NO_COMMON_BLOCKS = YES;
				GCC_WARN_64_TO_32_BIT_CONVERSION = YES;
				GCC_WARN_ABOUT_RETURN_TYPE = YES_ERROR;
				GCC_WARN_UNDECLARED_SELECTOR = YES;
				GCC_WARN_UNINITIALIZED_AUTOS = YES_AGGRESSIVE;
				GCC_WARN_UNUSED_FUNCTION = YES;
				GCC_WARN_UNUSED_VARIABLE = YES;
				IPHONEOS_DEPLOYMENT_TARGET = 17.5;
				LOCALIZATION_PREFERS_STRING_CATALOGS = YES;
				MTL_ENABLE_DEBUG_INFO = NO;
				MTL_FAST_MATH = YES;
				SDKROOT = iphoneos;
				SWIFT_COMPILATION_MODE = wholemodule;
				VALIDATE_PRODUCT = YES;
			};
			name = Release;
		};
		BEAC00702D120CE400A90547 /* Debug */ = {
			isa = XCBuildConfiguration;
			buildSettings = {
				ASSETCATALOG_COMPILER_APPICON_NAME = AppIcon;
				ASSETCATALOG_COMPILER_GLOBAL_ACCENT_COLOR_NAME = AccentColor;
				CODE_SIGN_STYLE = Automatic;
				CURRENT_PROJECT_VERSION = 1;
				DEVELOPMENT_ASSET_PATHS = "\"Recipes API/Preview Content\"";
				ENABLE_PREVIEWS = YES;
				GENERATE_INFOPLIST_FILE = YES;
				INFOPLIST_KEY_UIApplicationSceneManifest_Generation = YES;
				INFOPLIST_KEY_UIApplicationSupportsIndirectInputEvents = YES;
				INFOPLIST_KEY_UILaunchScreen_Generation = YES;
				INFOPLIST_KEY_UISupportedInterfaceOrientations_iPad = "UIInterfaceOrientationPortrait UIInterfaceOrientationPortraitUpsideDown UIInterfaceOrientationLandscapeLeft UIInterfaceOrientationLandscapeRight";
				INFOPLIST_KEY_UISupportedInterfaceOrientations_iPhone = "UIInterfaceOrientationPortrait UIInterfaceOrientationLandscapeLeft UIInterfaceOrientationLandscapeRight";
				LD_RUNPATH_SEARCH_PATHS = (
					"$(inherited)",
					"@executable_path/Frameworks",
				);
				MARKETING_VERSION = 1.0;
				PRODUCT_BUNDLE_IDENTIFIER = "SamPolichino.Recipes-API";
				PRODUCT_NAME = "$(TARGET_NAME)";
				SWIFT_EMIT_LOC_STRINGS = YES;
				SWIFT_VERSION = 5.0;
				TARGETED_DEVICE_FAMILY = "1,2";
			};
			name = Debug;
		};
		BEAC00712D120CE400A90547 /* Release */ = {
			isa = XCBuildConfiguration;
			buildSettings = {
				ASSETCATALOG_COMPILER_APPICON_NAME = AppIcon;
				ASSETCATALOG_COMPILER_GLOBAL_ACCENT_COLOR_NAME = AccentColor;
				CODE_SIGN_STYLE = Automatic;
				CURRENT_PROJECT_VERSION = 1;
				DEVELOPMENT_ASSET_PATHS = "\"Recipes API/Preview Content\"";
				ENABLE_PREVIEWS = YES;
				GENERATE_INFOPLIST_FILE = YES;
				INFOPLIST_KEY_UIApplicationSceneManifest_Generation = YES;
				INFOPLIST_KEY_UIApplicationSupportsIndirectInputEvents = YES;
				INFOPLIST_KEY_UILaunchScreen_Generation = YES;
				INFOPLIST_KEY_UISupportedInterfaceOrientations_iPad = "UIInterfaceOrientationPortrait UIInterfaceOrientationPortraitUpsideDown UIInterfaceOrientationLandscapeLeft UIInterfaceOrientationLandscapeRight";
				INFOPLIST_KEY_UISupportedInterfaceOrientations_iPhone = "UIInterfaceOrientationPortrait UIInterfaceOrientationLandscapeLeft UIInterfaceOrientationLandscapeRight";
				LD_RUNPATH_SEARCH_PATHS = (
					"$(inherited)",
					"@executable_path/Frameworks",
				);
				MARKETING_VERSION = 1.0;
				PRODUCT_BUNDLE_IDENTIFIER = "SamPolichino.Recipes-API";
				PRODUCT_NAME = "$(TARGET_NAME)";
				SWIFT_EMIT_LOC_STRINGS = YES;
				SWIFT_VERSION = 5.0;
				TARGETED_DEVICE_FAMILY = "1,2";
			};
			name = Release;
		};
/* End XCBuildConfiguration section */

/* Begin XCConfigurationList section */
		BEAC005C2D120CE200A90547 /* Build configuration list for PBXProject "Recipes API" */ = {
			isa = XCConfigurationList;
			buildConfigurations = (
				BEAC006D2D120CE400A90547 /* Debug */,
				BEAC006E2D120CE400A90547 /* Release */,
			);
			defaultConfigurationIsVisible = 0;
			defaultConfigurationName = Release;
		};
		BEAC006F2D120CE400A90547 /* Build configuration list for PBXNativeTarget "Recipes API" */ = {
			isa = XCConfigurationList;
			buildConfigurations = (
				BEAC00702D120CE400A90547 /* Debug */,
				BEAC00712D120CE400A90547 /* Release */,
			);
			defaultConfigurationIsVisible = 0;
			defaultConfigurationName = Release;
		};
/* End XCConfigurationList section */
	};
	rootObject = BEAC00592D120CE200A90547 /* Project object */;
}
